
Microsoft Visual Studio Solution File, Format Version 12.00
# Visual Studio Version 17
VisualStudioVersion = 17.1.32421.90
MinimumVisualStudioVersion = 10.0.40219.1
Project("{FAE04EC0-301F-11D3-BF4B-00C04F79EFBC}") = "BE-CRUDMascotas", "BE-CRUDMascotas\BE-CRUDMascotas.csproj", "{6C0DB955-F0BF-46F5-9596-3593E457DEFA}"
EndProject
Global
	GlobalSection(SolutionConfigurationPlatforms) = preSolution
		Debug|Any CPU = Debug|Any CPU
		Release|Any CPU = Release|Any CPU
	EndGlobalSection
	GlobalSection(ProjectConfigurationPlatforms) = postSolution
		{6C0DB955-F0BF-46F5-9596-3593E457DEFA}.Debug|Any CPU.ActiveCfg = Debug|Any CPU
		{6C0DB955-F0BF-46F5-9596-3593E457DEFA}.Debug|Any CPU.Build.0 = Debug|Any CPU
		{6C0DB955-F0BF-46F5-9596-3593E457DEFA}.Release|Any CPU.ActiveCfg = Release|Any CPU
		{6C0DB955-F0BF-46F5-9596-3593E457DEFA}.Release|Any CPU.Build.0 = Release|Any CPU
	EndGlobalSection
	GlobalSection(SolutionProperties) = preSolution
		HideSolutionNode = FALSE
	EndGlobalSection
	GlobalSection(ExtensibilityGlobals) = postSolution
		SolutionGuid = {DE230DB8-3489-48BE-A649-75C0AE065C84}
	EndGlobalSection
EndGlobal
